
Microsoft Visual Studio Solution File, Format Version 12.00
# Visual Studio Version 17
VisualStudioVersion = 17.10.35004.147
MinimumVisualStudioVersion = 10.0.40219.1
Project("{FAE04EC0-301F-11D3-BF4B-00C04F79EFBC}") = "DesafioPostosDeVacina.API", "DesafioPostosDeVacina\DesafioPostosDeVacina.API.csproj", "{0226C7D6-E06C-4F3B-93FE-4A7BCE4F980D}"
EndProject
Project("{FAE04EC0-301F-11D3-BF4B-00C04F79EFBC}") = "DesafioPostosDeVacina.Domain", "DesafioPostosDeVacina.Domain\DesafioPostosDeVacina.Domain.csproj", "{8750442C-6EBA-4577-B567-B71D0ABDE9D6}"
EndProject
Project("{FAE04EC0-301F-11D3-BF4B-00C04F79EFBC}") = "DesafioPostosDeVacina.Application", "DesafioPostosDeVacina.Application\DesafioPostosDeVacina.Application.csproj", "{B05CCB71-B0EC-4EF0-89F0-9C2CCE0731D2}"
EndProject
Project("{FAE04EC0-301F-11D3-BF4B-00C04F79EFBC}") = "DesafioPostosDeVacina.Infra", "DesafioPostosDeVacina.Infra\DesafioPostosDeVacina.Infra.csproj", "{5E1AE3DF-D5E5-4550-9C5E-7759A770CF1F}"
EndProject
Global
	GlobalSection(SolutionConfigurationPlatforms) = preSolution
		Debug|Any CPU = Debug|Any CPU
		Release|Any CPU = Release|Any CPU
	EndGlobalSection
	GlobalSection(ProjectConfigurationPlatforms) = postSolution
		{0226C7D6-E06C-4F3B-93FE-4A7BCE4F980D}.Debug|Any CPU.ActiveCfg = Debug|Any CPU
		{0226C7D6-E06C-4F3B-93FE-4A7BCE4F980D}.Debug|Any CPU.Build.0 = Debug|Any CPU
		{0226C7D6-E06C-4F3B-93FE-4A7BCE4F980D}.Release|Any CPU.ActiveCfg = Release|Any CPU
		{0226C7D6-E06C-4F3B-93FE-4A7BCE4F980D}.Release|Any CPU.Build.0 = Release|Any CPU
		{8750442C-6EBA-4577-B567-B71D0ABDE9D6}.Debug|Any CPU.ActiveCfg = Debug|Any CPU
		{8750442C-6EBA-4577-B567-B71D0ABDE9D6}.Debug|Any CPU.Build.0 = Debug|Any CPU
		{8750442C-6EBA-4577-B567-B71D0ABDE9D6}.Release|Any CPU.ActiveCfg = Release|Any CPU
		{8750442C-6EBA-4577-B567-B71D0ABDE9D6}.Release|Any CPU.Build.0 = Release|Any CPU
		{B05CCB71-B0EC-4EF0-89F0-9C2CCE0731D2}.Debug|Any CPU.ActiveCfg = Debug|Any CPU
		{B05CCB71-B0EC-4EF0-89F0-9C2CCE0731D2}.Debug|Any CPU.Build.0 = Debug|Any CPU
		{B05CCB71-B0EC-4EF0-89F0-9C2CCE0731D2}.Release|Any CPU.ActiveCfg = Release|Any CPU
		{B05CCB71-B0EC-4EF0-89F0-9C2CCE0731D2}.Release|Any CPU.Build.0 = Release|Any CPU
		{5E1AE3DF-D5E5-4550-9C5E-7759A770CF1F}.Debug|Any CPU.ActiveCfg = Debug|Any CPU
		{5E1AE3DF-D5E5-4550-9C5E-7759A770CF1F}.Debug|Any CPU.Build.0 = Debug|Any CPU
		{5E1AE3DF-D5E5-4550-9C5E-7759A770CF1F}.Release|Any CPU.ActiveCfg = Release|Any CPU
		{5E1AE3DF-D5E5-4550-9C5E-7759A770CF1F}.Release|Any CPU.Build.0 = Release|Any CPU
	EndGlobalSection
	GlobalSection(SolutionProperties) = preSolution
		HideSolutionNode = FALSE
	EndGlobalSection
	GlobalSection(ExtensibilityGlobals) = postSolution
		SolutionGuid = {ACCD6C56-FCDB-4B1C-8E41-7870ACC808B9}
	EndGlobalSection
EndGlobal
